
Microsoft Visual Studio Solution File, Format Version 12.00
# Visual Studio Version 16
VisualStudioVersion = 16.0.29326.143
MinimumVisualStudioVersion = 10.0.40219.1
Project("{FAE04EC0-301F-11D3-BF4B-00C04F79EFBC}") = "PhotonAPI", "PhotonAPI.csproj", "{0B0C1227-F63F-41D1-BDD5-A9B3B43E5C88}"
EndProject
Project("{FAE04EC0-301F-11D3-BF4B-00C04F79EFBC}") = "APITests", "..\APITests\APITests.csproj", "{1A294A34-7E17-4003-A8BF-88F766D621A1}"
EndProject
Global
	GlobalSection(SolutionConfigurationPlatforms) = preSolution
		Debug|Any CPU = Debug|Any CPU
		Release|Any CPU = Release|Any CPU
	EndGlobalSection
	GlobalSection(ProjectConfigurationPlatforms) = postSolution
		{0B0C1227-F63F-41D1-BDD5-A9B3B43E5C88}.Debug|Any CPU.ActiveCfg = Debug|Any CPU
		{0B0C1227-F63F-41D1-BDD5-A9B3B43E5C88}.Debug|Any CPU.Build.0 = Debug|Any CPU
		{0B0C1227-F63F-41D1-BDD5-A9B3B43E5C88}.Release|Any CPU.ActiveCfg = Release|Any CPU
		{0B0C1227-F63F-41D1-BDD5-A9B3B43E5C88}.Release|Any CPU.Build.0 = Release|Any CPU
		{1A294A34-7E17-4003-A8BF-88F766D621A1}.Debug|Any CPU.ActiveCfg = Debug|Any CPU
		{1A294A34-7E17-4003-A8BF-88F766D621A1}.Debug|Any CPU.Build.0 = Debug|Any CPU
		{1A294A34-7E17-4003-A8BF-88F766D621A1}.Release|Any CPU.ActiveCfg = Release|Any CPU
		{1A294A34-7E17-4003-A8BF-88F766D621A1}.Release|Any CPU.Build.0 = Release|Any CPU
	EndGlobalSection
	GlobalSection(SolutionProperties) = preSolution
		HideSolutionNode = FALSE
	EndGlobalSection
	GlobalSection(ExtensibilityGlobals) = postSolution
		SolutionGuid = {B92B7B25-7F32-4A77-A5CD-3C53184DAEB5}
	EndGlobalSection
EndGlobal
